
Microsoft Visual Studio Solution File, Format Version 12.00
# Visual Studio Version 17
VisualStudioVersion = 17.4.33122.133
MinimumVisualStudioVersion = 10.0.40219.1
Project("{9A19103F-16F7-4668-BE54-9A1E7A4F7556}") = "fast-food-api", "fast-food-api\fast-food-api.csproj", "{BA69B05F-6D28-49D8-B0FA-4DFA731B2D40}"
EndProject
Project("{9A19103F-16F7-4668-BE54-9A1E7A4F7556}") = "fast_food", "fast_food\fast_food.csproj", "{9DD9A8FE-A8C4-413C-B373-87858AEB23F9}"
EndProject
Project("{FAE04EC0-301F-11D3-BF4B-00C04F79EFBC}") = "FastFood.Services", "FastFood.Services\FastFood.Services.csproj", "{44A894C0-571A-4F14-8CDD-FC6C7A44B907}"
EndProject
Global
	GlobalSection(SolutionConfigurationPlatforms) = preSolution
		Debug|Any CPU = Debug|Any CPU
		Release|Any CPU = Release|Any CPU
	EndGlobalSection
	GlobalSection(ProjectConfigurationPlatforms) = postSolution
		{BA69B05F-6D28-49D8-B0FA-4DFA731B2D40}.Debug|Any CPU.ActiveCfg = Debug|Any CPU
		{BA69B05F-6D28-49D8-B0FA-4DFA731B2D40}.Debug|Any CPU.Build.0 = Debug|Any CPU
		{BA69B05F-6D28-49D8-B0FA-4DFA731B2D40}.Release|Any CPU.ActiveCfg = Release|Any CPU
		{BA69B05F-6D28-49D8-B0FA-4DFA731B2D40}.Release|Any CPU.Build.0 = Release|Any CPU
		{9DD9A8FE-A8C4-413C-B373-87858AEB23F9}.Debug|Any CPU.ActiveCfg = Debug|Any CPU
		{9DD9A8FE-A8C4-413C-B373-87858AEB23F9}.Debug|Any CPU.Build.0 = Debug|Any CPU
		{9DD9A8FE-A8C4-413C-B373-87858AEB23F9}.Release|Any CPU.ActiveCfg = Release|Any CPU
		{9DD9A8FE-A8C4-413C-B373-87858AEB23F9}.Release|Any CPU.Build.0 = Release|Any CPU
		{44A894C0-571A-4F14-8CDD-FC6C7A44B907}.Debug|Any CPU.ActiveCfg = Debug|Any CPU
		{44A894C0-571A-4F14-8CDD-FC6C7A44B907}.Debug|Any CPU.Build.0 = Debug|Any CPU
		{44A894C0-571A-4F14-8CDD-FC6C7A44B907}.Release|Any CPU.ActiveCfg = Release|Any CPU
		{44A894C0-571A-4F14-8CDD-FC6C7A44B907}.Release|Any CPU.Build.0 = Release|Any CPU
	EndGlobalSection
	GlobalSection(SolutionProperties) = preSolution
		HideSolutionNode = FALSE
	EndGlobalSection
	GlobalSection(ExtensibilityGlobals) = postSolution
		SolutionGuid = {BC610AF5-E0EA-4656-BCCD-BBAFDBEC4401}
	EndGlobalSection
EndGlobal
